{
  "adrs": {},
  "landmarks": {},
  "nodes": {
    "/": {
      "budget": null,
      "claims": [
        {
          "anchor": "research/claims.md#c1",
          "enforced_by": null,
          "id": "c1",
          "kind": "invariant",
          "resolved": "research/claims.md:3",
          "text": "every [Cn] citation must stay licensed by research/claims.md's status for that claim — never state a `reported` claim as settled fact",
          "verified": {
            "digest": null,
            "sha": "28a33be4a68d9f50724510855bcd5550002f35ba"
          }
        },
        {
          "anchor": "SPEC.md#decision-log",
          "enforced_by": null,
          "id": "decision-log",
          "kind": "invariant",
          "resolved": "SPEC.md:300",
          "text": "SPEC.md outranks everything here — code and examples conform to it; changing behavior means revising the spec (and its decision log) first",
          "verified": {
            "digest": null,
            "sha": "28a33be4a68d9f50724510855bcd5550002f35ba"
          }
        }
      ],
      "commands": {
        "graph": "cargo run -- build && cargo run -- emit",
        "lint": "cargo clippy --all-targets -- -D warnings && cargo fmt --check",
        "test": "cargo test"
      },
      "contains": [
        "research",
        "scripts",
        "src",
        "tests"
      ],
      "declared": {
        "allow": [],
        "decided_by": [],
        "depends": []
      },
      "extracted": {
        "imports": []
      },
      "id": "/",
      "kind": "system",
      "purpose": "stele — typed agent-doc graph reconciled against extracted code truth. SPEC.md is the contract; the Rust engine implements it and self-hosts on this repo."
    },
    "research": {
      "budget": null,
      "claims": [],
      "commands": {},
      "contains": [],
      "declared": {
        "allow": [],
        "decided_by": [],
        "depends": []
      },
      "extracted": {
        "imports": []
      },
      "id": "research",
      "kind": "container",
      "purpose": "Evidence base for SPEC's [Cn] citations. claims.md is the ledger every citation stays licensed by (status per claim); report.md the synthesis, findings/ the primary-source notes."
    },
    "scripts": {
      "budget": null,
      "claims": [],
      "commands": {},
      "contains": [],
      "declared": {
        "allow": [],
        "decided_by": [],
        "depends": []
      },
      "extracted": {
        "imports": []
      },
      "id": "scripts",
      "kind": "container",
      "purpose": "Distribution scripts. install.sh/uninstall.sh land or remove the single stele binary; release.sh assembles the per-platform tarball + sha256 the release workflow publishes on a v* tag."
    },
    "src": {
      "budget": null,
      "claims": [],
      "commands": {},
      "contains": [],
      "declared": {
        "allow": [],
        "decided_by": [],
        "depends": []
      },
      "extracted": {
        "imports": []
      },
      "id": "src",
      "kind": "container",
      "purpose": "The stele engine. cli.rs is the command pipeline (build/check/emit); model.rs the typed graph, anchors.rs the §2.5 scanner, assert.rs the six §4 checks, extract.rs the import extractors."
    },
    "tests": {
      "budget": null,
      "claims": [],
      "commands": {},
      "contains": [],
      "declared": {
        "allow": [],
        "decided_by": [],
        "depends": []
      },
      "extracted": {
        "imports": []
      },
      "id": "tests",
      "kind": "container",
      "purpose": "Integration + unit suite and the CI oracle. common/mod.rs is the git-repo harness; gallery.rs mirrors EXAMPLE §8's failure gallery. fixtures/ (steleignored) is the acme worked example."
    }
  },
  "version": 1
}
